
Microsoft Visual Studio Solution File, Format Version 12.00
# Visual Studio Version 17
VisualStudioVersion = 17.0.31903.59
MinimumVisualStudioVersion = 10.0.40219.1
Project("{2150E333-8FDC-42A3-9474-1A3956D46DE8}") = "src", "src", "{39458F43-E317-40E5-BAA8-A832007F3243}"
EndProject
Project("{9A19103F-16F7-4668-BE54-9A1E7A4F7556}") = "SG.EnumGenerators", "src\SG.EnumGenerators\SG.EnumGenerators.csproj", "{D787B919-9B3B-4D04-A5C7-F61EB81BE599}"
EndProject
Project("{2150E333-8FDC-42A3-9474-1A3956D46DE8}") = "tests", "tests", "{44838168-C4C7-41A7-B17A-82D48974C1E3}"
EndProject
Project("{9A19103F-16F7-4668-BE54-9A1E7A4F7556}") = "SG.EnumGenerators.Tests", "tests\NetEscapades.EnumGenerators.Tests\SG.EnumGenerators.Tests.csproj", "{C03DC2DE-0866-46E2-8492-9E7739AF5C70}"
EndProject
Global
	GlobalSection(SolutionConfigurationPlatforms) = preSolution
		Debug|Any CPU = Debug|Any CPU
		Release|Any CPU = Release|Any CPU
	EndGlobalSection
	GlobalSection(ProjectConfigurationPlatforms) = postSolution
		{D787B919-9B3B-4D04-A5C7-F61EB81BE599}.Debug|Any CPU.ActiveCfg = Debug|Any CPU
		{D787B919-9B3B-4D04-A5C7-F61EB81BE599}.Debug|Any CPU.Build.0 = Debug|Any CPU
		{D787B919-9B3B-4D04-A5C7-F61EB81BE599}.Release|Any CPU.ActiveCfg = Release|Any CPU
		{D787B919-9B3B-4D04-A5C7-F61EB81BE599}.Release|Any CPU.Build.0 = Release|Any CPU
		{C03DC2DE-0866-46E2-8492-9E7739AF5C70}.Debug|Any CPU.ActiveCfg = Debug|Any CPU
		{C03DC2DE-0866-46E2-8492-9E7739AF5C70}.Debug|Any CPU.Build.0 = Debug|Any CPU
		{C03DC2DE-0866-46E2-8492-9E7739AF5C70}.Release|Any CPU.ActiveCfg = Release|Any CPU
		{C03DC2DE-0866-46E2-8492-9E7739AF5C70}.Release|Any CPU.Build.0 = Release|Any CPU
	EndGlobalSection
	GlobalSection(SolutionProperties) = preSolution
		HideSolutionNode = FALSE
	EndGlobalSection
	GlobalSection(NestedProjects) = preSolution
		{D787B919-9B3B-4D04-A5C7-F61EB81BE599} = {39458F43-E317-40E5-BAA8-A832007F3243}
		{C03DC2DE-0866-46E2-8492-9E7739AF5C70} = {44838168-C4C7-41A7-B17A-82D48974C1E3}
	EndGlobalSection
	GlobalSection(ExtensibilityGlobals) = postSolution
		SolutionGuid = {7FD9E32B-EBA8-4893-A9F0-5317B0003FFF}
	EndGlobalSection
EndGlobal
